
Microsoft Visual Studio Solution File, Format Version 12.00
# Visual Studio 15
VisualStudioVersion = 15.0.25807.0
MinimumVisualStudioVersion = 10.0.40219.1
Project("{2150E333-8FDC-42A3-9474-1A3956D46DE8}") = "Engine", "Engine", "{B1F2D22F-1FFD-41B1-B2C2-93BAA111BB0F}"
EndProject
Project("{2150E333-8FDC-42A3-9474-1A3956D46DE8}") = "Games", "Games", "{602B5836-9360-4E98-901A-77790E69B535}"
EndProject
Project("{8BC9CEB8-8B4A-11D0-8D11-00A0C91BC942}") = "BuildingEscape", "Intermediate\ProjectFiles\BuildingEscape.vcxproj", "{E397CDFF-EC86-4B81-9DEC-874E8F4A7374}"
EndProject
Project("{8BC9CEB8-8B4A-11D0-8D11-00A0C91BC942}") = "UE4", "Intermediate\ProjectFiles\UE4.vcxproj", "{BDDC3171-9D0F-4E1B-A5E9-832B73B65199}"
EndProject
Project("{2150E333-8FDC-42A3-9474-1A3956D46DE8}") = "Visualizers", "Visualizers", "{DDD25C82-F5DD-41B4-8DAF-CCAB86D5C14F}"
	ProjectSection(SolutionItems) = preProject
		..\..\..\..\..\..\..\Program Files\Unreal Engine\UE_4.21\Engine\Extras\VisualStudioDebugging\UE4.natvis = ..\..\..\..\..\..\..\Program Files\Unreal Engine\UE_4.21\Engine\Extras\VisualStudioDebugging\UE4.natvis
	EndProjectSection
EndProject
Global
	GlobalSection(SolutionConfigurationPlatforms) = preSolution
		DebugGame Editor|HTML5 = DebugGame Editor|HTML5
		DebugGame Editor|Win32 = DebugGame Editor|Win32
		DebugGame Editor|Win64 = DebugGame Editor|Win64
		DebugGame|HTML5 = DebugGame|HTML5
		DebugGame|Win32 = DebugGame|Win32
		DebugGame|Win64 = DebugGame|Win64
		Development Editor|HTML5 = Development Editor|HTML5
		Development Editor|Win32 = Development Editor|Win32
		Development Editor|Win64 = Development Editor|Win64
		Development|HTML5 = Development|HTML5
		Development|Win32 = Development|Win32
		Development|Win64 = Development|Win64
		Shipping|HTML5 = Shipping|HTML5
		Shipping|Win32 = Shipping|Win32
		Shipping|Win64 = Shipping|Win64
	EndGlobalSection
	GlobalSection(ProjectConfigurationPlatforms) = postSolution
		{E397CDFF-EC86-4B81-9DEC-874E8F4A7374}.DebugGame Editor|HTML5.ActiveCfg = Invalid|Win32
		{E397CDFF-EC86-4B81-9DEC-874E8F4A7374}.DebugGame Editor|Win32.ActiveCfg = Invalid|Win32
		{E397CDFF-EC86-4B81-9DEC-874E8F4A7374}.DebugGame Editor|Win64.ActiveCfg = DebugGame_Editor|x64
		{E397CDFF-EC86-4B81-9DEC-874E8F4A7374}.DebugGame Editor|Win64.Build.0 = DebugGame_Editor|x64
		{E397CDFF-EC86-4B81-9DEC-874E8F4A7374}.DebugGame|HTML5.ActiveCfg = HTML5_DebugGame|Win32
		{E397CDFF-EC86-4B81-9DEC-874E8F4A7374}.DebugGame|HTML5.Build.0 = HTML5_DebugGame|Win32
		{E397CDFF-EC86-4B81-9DEC-874E8F4A7374}.DebugGame|Win32.ActiveCfg = DebugGame|Win32
		{E397CDFF-EC86-4B81-9DEC-874E8F4A7374}.DebugGame|Win32.Build.0 = DebugGame|Win32
		{E397CDFF-EC86-4B81-9DEC-874E8F4A7374}.DebugGame|Win64.ActiveCfg = DebugGame|x64
		{E397CDFF-EC86-4B81-9DEC-874E8F4A7374}.DebugGame|Win64.Build.0 = DebugGame|x64
		{E397CDFF-EC86-4B81-9DEC-874E8F4A7374}.Development Editor|HTML5.ActiveCfg = Invalid|Win32
		{E397CDFF-EC86-4B81-9DEC-874E8F4A7374}.Development Editor|Win32.ActiveCfg = Invalid|Win32
		{E397CDFF-EC86-4B81-9DEC-874E8F4A7374}.Development Editor|Win64.ActiveCfg = Development_Editor|x64
		{E397CDFF-EC86-4B81-9DEC-874E8F4A7374}.Development Editor|Win64.Build.0 = Development_Editor|x64
		{E397CDFF-EC86-4B81-9DEC-874E8F4A7374}.Development|HTML5.ActiveCfg = HTML5_Development|Win32
		{E397CDFF-EC86-4B81-9DEC-874E8F4A7374}.Development|HTML5.Build.0 = HTML5_Development|Win32
		{E397CDFF-EC86-4B81-9DEC-874E8F4A7374}.Development|Win32.ActiveCfg = Development|Win32
		{E397CDFF-EC86-4B81-9DEC-874E8F4A7374}.Development|Win32.Build.0 = Development|Win32
		{E397CDFF-EC86-4B81-9DEC-874E8F4A7374}.Development|Win64.ActiveCfg = Development|x64
		{E397CDFF-EC86-4B81-9DEC-874E8F4A7374}.Development|Win64.Build.0 = Development|x64
		{E397CDFF-EC86-4B81-9DEC-874E8F4A7374}.Shipping|HTML5.ActiveCfg = HTML5_Shipping|Win32
		{E397CDFF-EC86-4B81-9DEC-874E8F4A7374}.Shipping|HTML5.Build.0 = HTML5_Shipping|Win32
		{E397CDFF-EC86-4B81-9DEC-874E8F4A7374}.Shipping|Win32.ActiveCfg = Shipping|Win32
		{E397CDFF-EC86-4B81-9DEC-874E8F4A7374}.Shipping|Win32.Build.0 = Shipping|Win32
		{E397CDFF-EC86-4B81-9DEC-874E8F4A7374}.Shipping|Win64.ActiveCfg = Shipping|x64
		{E397CDFF-EC86-4B81-9DEC-874E8F4A7374}.Shipping|Win64.Build.0 = Shipping|x64
		{BDDC3171-9D0F-4E1B-A5E9-832B73B65199}.DebugGame Editor|HTML5.ActiveCfg = BuiltWithUnrealBuildTool|Win32
		{BDDC3171-9D0F-4E1B-A5E9-832B73B65199}.DebugGame Editor|Win32.ActiveCfg = BuiltWithUnrealBuildTool|Win32
		{BDDC3171-9D0F-4E1B-A5E9-832B73B65199}.DebugGame Editor|Win64.ActiveCfg = BuiltWithUnrealBuildTool|Win32
		{BDDC3171-9D0F-4E1B-A5E9-832B73B65199}.DebugGame|HTML5.ActiveCfg = BuiltWithUnrealBuildTool|Win32
		{BDDC3171-9D0F-4E1B-A5E9-832B73B65199}.DebugGame|Win32.ActiveCfg = BuiltWithUnrealBuildTool|Win32
		{BDDC3171-9D0F-4E1B-A5E9-832B73B65199}.DebugGame|Win64.ActiveCfg = BuiltWithUnrealBuildTool|Win32
		{BDDC3171-9D0F-4E1B-A5E9-832B73B65199}.Development Editor|HTML5.ActiveCfg = BuiltWithUnrealBuildTool|Win32
		{BDDC3171-9D0F-4E1B-A5E9-832B73B65199}.Development Editor|Win32.ActiveCfg = BuiltWithUnrealBuildTool|Win32
		{BDDC3171-9D0F-4E1B-A5E9-832B73B65199}.Development Editor|Win64.ActiveCfg = BuiltWithUnrealBuildTool|Win32
		{BDDC3171-9D0F-4E1B-A5E9-832B73B65199}.Development|HTML5.ActiveCfg = BuiltWithUnrealBuildTool|Win32
		{BDDC3171-9D0F-4E1B-A5E9-832B73B65199}.Development|Win32.ActiveCfg = BuiltWithUnrealBuildTool|Win32
		{BDDC3171-9D0F-4E1B-A5E9-832B73B65199}.Development|Win64.ActiveCfg = BuiltWithUnrealBuildTool|Win32
		{BDDC3171-9D0F-4E1B-A5E9-832B73B65199}.Shipping|HTML5.ActiveCfg = BuiltWithUnrealBuildTool|Win32
		{BDDC3171-9D0F-4E1B-A5E9-832B73B65199}.Shipping|Win32.ActiveCfg = BuiltWithUnrealBuildTool|Win32
		{BDDC3171-9D0F-4E1B-A5E9-832B73B65199}.Shipping|Win64.ActiveCfg = BuiltWithUnrealBuildTool|Win32
	EndGlobalSection
	GlobalSection(SolutionProperties) = preSolution
		HideSolutionNode = FALSE
	EndGlobalSection
	GlobalSection(NestedProjects) = preSolution
		{BDDC3171-9D0F-4E1B-A5E9-832B73B65199} = {B1F2D22F-1FFD-41B1-B2C2-93BAA111BB0F}
		{E397CDFF-EC86-4B81-9DEC-874E8F4A7374} = {602B5836-9360-4E98-901A-77790E69B535}
	EndGlobalSection
EndGlobal
